{
    "_readme": [
        "This file locks the dependencies of your project to a known state"
    ],
    "content-hash": "basic-lock-for-vercel",
    "packages": [],
    "packages-dev": [],
    "aliases": [],
    "minimum-stability": "stable",
    "stability-flags": [],
    "prefer-stable": true,
    "prefer-lowest": false,
    "platform": {
        "php": "^8.2"
    },
    "platform-dev": []
}